// !$*UTF8*$!
{
	archiveVersion = 1;
	classes = {
	};
	objectVersion = 46;
	objects = {

/* Begin PBXBuildFile section */
		47B3D07E1EF036DE00BC443B /* main.m in Sources */ = {isa = PBXBuildFile; fileRef = 47B3D07D1EF036DE00BC443B /* main.m */; };
		47B3D0811EF036DE00BC443B /* AppDelegate.m in Sources */ = {isa = PBXBuildFile; fileRef = 47B3D0801EF036DE00BC443B /* AppDelegate.m */; };
		47B3D0871EF036DE00BC443B /* Main.storyboard in Resources */ = {isa = PBXBuildFile; fileRef = 47B3D0851EF036DE00BC443B /* Main.storyboard */; };
		47B3D0891EF036DE00BC443B /* Assets.xcassets in Resources */ = {isa = PBXBuildFile; fileRef = 47B3D0881EF036DE00BC443B /* Assets.xcassets */; };
		47B3D08C1EF036DE00BC443B /* LaunchScreen.storyboard in Resources */ = {isa = PBXBuildFile; fileRef = 47B3D08A1EF036DE00BC443B /* LaunchScreen.storyboard */; };
		47B3D0971EF036DE00BC443B /* PHFlowLayoutTests.m in Sources */ = {isa = PBXBuildFile; fileRef = 47B3D0961EF036DE00BC443B /* PHFlowLayoutTests.m */; };
		47B3D0A21EF036DE00BC443B /* PHFlowLayoutUITests.m in Sources */ = {isa = PBXBuildFile; fileRef = 47B3D0A11EF036DE00BC443B /* PHFlowLayoutUITests.m */; };
		47B3D0B11EF038B500BC443B /* MainViewController.m in Sources */ = {isa = PBXBuildFile; fileRef = 47B3D0B01EF038B500BC443B /* MainViewController.m */; };
/* End PBXBuildFile section */

/* Begin PBXContainerItemProxy section */
		47B3D0931EF036DE00BC443B /* PBXContainerItemProxy */ = {
			isa = PBXContainerItemProxy;
			containerPortal = 47B3D0711EF036DE00BC443B /* Project object */;
			proxyType = 1;
			remoteGlobalIDString = 47B3D0781EF036DE00BC443B;
			remoteInfo = PHFlowLayout;
		};
		47B3D09E1EF036DE00BC443B /* PBXContainerItemProxy */ = {
			isa = PBXContainerItemProxy;
			containerPortal = 47B3D0711EF036DE00BC443B /* Project object */;
			proxyType = 1;
			remoteGlobalIDString = 47B3D0781EF036DE00BC443B;
			remoteInfo = PHFlowLayout;
		};
/* End PBXContainerItemProxy section */

/* Begin PBXFileReference section */
		47B3D0791EF036DE00BC443B /* PHFlowLayout.app */ = {isa = PBXFileReference; explicitFileType = wrapper.application; includeInIndex = 0; path = PHFlowLayout.app; sourceTree = BUILT_PRODUCTS_DIR; };
		47B3D07D1EF036DE00BC443B /* main.m */ = {isa = PBXFileReference; lastKnownFileType = sourcecode.c.objc; path = main.m; sourceTree = "<group>"; };
		47B3D07F1EF036DE00BC443B /* AppDelegate.h */ = {isa = PBXFileReference; lastKnownFileType = sourcecode.c.h; path = AppDelegate.h; sourceTree = "<group>"; };
		47B3D0801EF036DE00BC443B /* AppDelegate.m */ = {isa = PBXFileReference; lastKnownFileType = sourcecode.c.objc; path = AppDelegate.m; sourceTree = "<group>"; };
		47B3D0861EF036DE00BC443B /* Base */ = {isa = PBXFileReference; lastKnownFileType = file.storyboard; name = Base; path = Base.lproj/Main.storyboard; sourceTree = "<group>"; };
		47B3D0881EF036DE00BC443B /* Assets.xcassets */ = {isa = PBXFileReference; lastKnownFileType = folder.assetcatalog; path = Assets.xcassets; sourceTree = "<group>"; };
		47B3D08B1EF036DE00BC443B /* Base */ = {isa = PBXFileReference; lastKnownFileType = file.storyboard; name = Base; path = Base.lproj/LaunchScreen.storyboard; sourceTree = "<group>"; };
		47B3D08D1EF036DE00BC443B /* Info.plist */ = {isa = PBXFileReference; lastKnownFileType = text.plist.xml; path = Info.plist; sourceTree = "<group>"; };
		47B3D0921EF036DE00BC443B /* PHFlowLayoutTests.xctest */ = {isa = PBXFileReference; explicitFileType = wrapper.cfbundle; includeInIndex = 0; path = PHFlowLayoutTests.xctest; sourceTree = BUILT_PRODUCTS_DIR; };
		47B3D0961EF036DE00BC443B /* PHFlowLayoutTests.m */ = {isa = PBXFileReference; lastKnownFileType = sourcecode.c.objc; path = PHFlowLayoutTests.m; sourceTree = "<group>"; };
		47B3D0981EF036DE00BC443B /* Info.plist */ = {isa = PBXFileReference; lastKnownFileType = text.plist.xml; path = Info.plist; sourceTree = "<group>"; };
		47B3D09D1EF036DE00BC443B /* PHFlowLayoutUITests.xctest */ = {isa = PBXFileReference; explicitFileType = wrapper.cfbundle; includeInIndex = 0; path = PHFlowLayoutUITests.xctest; sourceTree = BUILT_PRODUCTS_DIR; };
		47B3D0A11EF036DE00BC443B /* PHFlowLayoutUITests.m */ = {isa = PBXFileReference; lastKnownFileType = sourcecode.c.objc; path = PHFlowLayoutUITests.m; sourceTree = "<group>"; };
		47B3D0A31EF036DE00BC443B /* Info.plist */ = {isa = PBXFileReference; lastKnownFileType = text.plist.xml; path = Info.plist; sourceTree = "<group>"; };
		47B3D0AF1EF038B500BC443B /* MainViewController.h */ = {isa = PBXFileReference; fileEncoding = 4; lastKnownFileType = sourcecode.c.h; path = MainViewController.h; sourceTree = "<group>"; };
		47B3D0B01EF038B500BC443B /* MainViewController.m */ = {isa = PBXFileReference; fileEncoding = 4; lastKnownFileType = sourcecode.c.objc; path = MainViewController.m; sourceTree = "<group>"; };
/* End PBXFileReference section */

/* Begin PBXFrameworksBuildPhase section */
		47B3D0761EF036DE00BC443B /* Frameworks */ = {
			isa = PBXFrameworksBuildPhase;
			buildActionMask = 2147483647;
			files = (
			);
			runOnlyForDeploymentPostprocessing = 0;
		};
		47B3D08F1EF036DE00BC443B /* Frameworks */ = {
			isa = PBXFrameworksBuildPhase;
			buildActionMask = 2147483647;
			files = (
			);
			runOnlyForDeploymentPostprocessing = 0;
		};
		47B3D09A1EF036DE00BC443B /* Frameworks */ = {
			isa = PBXFrameworksBuildPhase;
			buildActionMask = 2147483647;
			files = (
			);
			runOnlyForDeploymentPostprocessing = 0;
		};
/* End PBXFrameworksBuildPhase section */

/* Begin PBXGroup section */
		47B3D0701EF036DE00BC443B = {
			isa = PBXGroup;
			children = (
				47B3D07B1EF036DE00BC443B /* PHFlowLayout */,
				47B3D0951EF036DE00BC443B /* PHFlowLayoutTests */,
				47B3D0A01EF036DE00BC443B /* PHFlowLayoutUITests */,
				47B3D07A1EF036DE00BC443B /* Products */,
			);
			sourceTree = "<group>";
		};
		47B3D07A1EF036DE00BC443B /* Products */ = {
			isa = PBXGroup;
			children = (
				47B3D0791EF036DE00BC443B /* PHFlowLayout.app */,
				47B3D0921EF036DE00BC443B /* PHFlowLayoutTests.xctest */,
				47B3D09D1EF036DE00BC443B /* PHFlowLayoutUITests.xctest */,
			);
			name = Products;
			sourceTree = "<group>";
		};
		47B3D07B1EF036DE00BC443B /* PHFlowLayout */ = {
			isa = PBXGroup;
			children = (
				47B3D07F1EF036DE00BC443B /* AppDelegate.h */,
				47B3D0801EF036DE00BC443B /* AppDelegate.m */,
				47B3D0AF1EF038B500BC443B /* MainViewController.h */,
				47B3D0B01EF038B500BC443B /* MainViewController.m */,
				47B3D0851EF036DE00BC443B /* Main.storyboard */,
				47B3D0881EF036DE00BC443B /* Assets.xcassets */,
				47B3D08A1EF036DE00BC443B /* LaunchScreen.storyboard */,
				47B3D08D1EF036DE00BC443B /* Info.plist */,
				47B3D07C1EF036DE00BC443B /* Supporting Files */,
			);
			path = PHFlowLayout;
			sourceTree = "<group>";
		};
		47B3D07C1EF036DE00BC443B /* Supporting Files */ = {
			isa = PBXGroup;
			children = (
				47B3D07D1EF036DE00BC443B /* main.m */,
			);
			name = "Supporting Files";
			sourceTree = "<group>";
		};
		47B3D0951EF036DE00BC443B /* PHFlowLayoutTests */ = {
			isa = PBXGroup;
			children = (
				47B3D0961EF036DE00BC443B /* PHFlowLayoutTests.m */,
				47B3D0981EF036DE00BC443B /* Info.plist */,
			);
			path = PHFlowLayoutTests;
			sourceTree = "<group>";
		};
		47B3D0A01EF036DE00BC443B /* PHFlowLayoutUITests */ = {
			isa = PBXGroup;
			children = (
				47B3D0A11EF036DE00BC443B /* PHFlowLayoutUITests.m */,
				47B3D0A31EF036DE00BC443B /* Info.plist */,
			);
			path = PHFlowLayoutUITests;
			sourceTree = "<group>";
		};
/* End PBXGroup section */

/* Begin PBXNativeTarget section */
		47B3D0781EF036DE00BC443B /* PHFlowLayout */ = {
			isa = PBXNativeTarget;
			buildConfigurationList = 47B3D0A61EF036DE00BC443B /* Build configuration list for PBXNativeTarget "PHFlowLayout" */;
			buildPhases = (
				47B3D0751EF036DE00BC443B /* Sources */,
				47B3D0761EF036DE00BC443B /* Frameworks */,
				47B3D0771EF036DE00BC443B /* Resources */,
			);
			buildRules = (
			);
			dependencies = (
			);
			name = PHFlowLayout;
			productName = PHFlowLayout;
			productReference = 47B3D0791EF036DE00BC443B /* PHFlowLayout.app */;
			productType = "com.apple.product-type.application";
		};
		47B3D0911EF036DE00BC443B /* PHFlowLayoutTests */ = {
			isa = PBXNativeTarget;
			buildConfigurationList = 47B3D0A91EF036DE00BC443B /* Build configuration list for PBXNativeTarget "PHFlowLayoutTests" */;
			buildPhases = (
				47B3D08E1EF036DE00BC443B /* Sources */,
				47B3D08F1EF036DE00BC443B /* Frameworks */,
				47B3D0901EF036DE00BC443B /* Resources */,
			);
			buildRules = (
			);
			dependencies = (
				47B3D0941EF036DE00BC443B /* PBXTargetDependency */,
			);
			name = PHFlowLayoutTests;
			productName = PHFlowLayoutTests;
			productReference = 47B3D0921EF036DE00BC443B /* PHFlowLayoutTests.xctest */;
			productType = "com.apple.product-type.bundle.unit-test";
		};
		47B3D09C1EF036DE00BC443B /* PHFlowLayoutUITests */ = {
			isa = PBXNativeTarget;
			buildConfigurationList = 47B3D0AC1EF036DE00BC443B /* Build configuration list for PBXNativeTarget "PHFlowLayoutUITests" */;
			buildPhases = (
				47B3D0991EF036DE00BC443B /* Sources */,
				47B3D09A1EF036DE00BC443B /* Frameworks */,
				47B3D09B1EF036DE00BC443B /* Resources */,
			);
			buildRules = (
			);
			dependencies = (
				47B3D09F1EF036DE00BC443B /* PBXTargetDependency */,
			);
			name = PHFlowLayoutUITests;
			productName = PHFlowLayoutUITests;
			productReference = 47B3D09D1EF036DE00BC443B /* PHFlowLayoutUITests.xctest */;
			productType = "com.apple.product-type.bundle.ui-testing";
		};
/* End PBXNativeTarget section */

/* Begin PBXProject section */
		47B3D0711EF036DE00BC443B /* Project object */ = {
			isa = PBXProject;
			attributes = {
				LastUpgradeCheck = 0830;
				ORGANIZATIONNAME = "Peng he";
				TargetAttributes = {
					47B3D0781EF036DE00BC443B = {
						CreatedOnToolsVersion = 8.3;
						DevelopmentTeam = TPXMNBN2HM;
						ProvisioningStyle = Automatic;
					};
					47B3D0911EF036DE00BC443B = {
						CreatedOnToolsVersion = 8.3;
						DevelopmentTeam = TPXMNBN2HM;
						ProvisioningStyle = Automatic;
						TestTargetID = 47B3D0781EF036DE00BC443B;
					};
					47B3D09C1EF036DE00BC443B = {
						CreatedOnToolsVersion = 8.3;
						DevelopmentTeam = TPXMNBN2HM;
						ProvisioningStyle = Automatic;
						TestTargetID = 47B3D0781EF036DE00BC443B;
					};
				};
			};
			buildConfigurationList = 47B3D0741EF036DE00BC443B /* Build configuration list for PBXProject "PHFlowLayout" */;
			compatibilityVersion = "Xcode 3.2";
			developmentRegion = English;
			hasScannedForEncodings = 0;
			knownRegions = (
				en,
				Base,
			);
			mainGroup = 47B3D0701EF036DE00BC443B;
			productRefGroup = 47B3D07A1EF036DE00BC443B /* Products */;
			projectDirPath = "";
			projectRoot = "";
			targets = (
				47B3D0781EF036DE00BC443B /* PHFlowLayout */,
				47B3D0911EF036DE00BC443B /* PHFlowLayoutTests */,
				47B3D09C1EF036DE00BC443B /* PHFlowLayoutUITests */,
			);
		};
/* End PBXProject section */

/* Begin PBXResourcesBuildPhase section */
		47B3D0771EF036DE00BC443B /* Resources */ = {
			isa = PBXResourcesBuildPhase;
			buildActionMask = 2147483647;
			files = (
				47B3D08C1EF036DE00BC443B /* LaunchScreen.storyboard in Resources */,
				47B3D0891EF036DE00BC443B /* Assets.xcassets in Resources */,
				47B3D0871EF036DE00BC443B /* Main.storyboard in Resources */,
			);
			runOnlyForDeploymentPostprocessing = 0;
		};
		47B3D0901EF036DE00BC443B /* Resources */ = {
			isa = PBXResourcesBuildPhase;
			buildActionMask = 2147483647;
			files = (
			);
			runOnlyForDeploymentPostprocessing = 0;
		};
		47B3D09B1EF036DE00BC443B /* Resources */ = {
			isa = PBXResourcesBuildPhase;
			buildActionMask = 2147483647;
			files = (
			);
			runOnlyForDeploymentPostprocessing = 0;
		};
/* End PBXResourcesBuildPhase section */

/* Begin PBXSourcesBuildPhase section */
		47B3D0751EF036DE00BC443B /* Sources */ = {
			isa = PBXSourcesBuildPhase;
			buildActionMask = 2147483647;
			files = (
				47B3D0811EF036DE00BC443B /* AppDelegate.m in Sources */,
				47B3D0B11EF038B500BC443B /* MainViewController.m in Sources */,
				47B3D07E1EF036DE00BC443B /* main.m in Sources */,
			);
			runOnlyForDeploymentPostprocessing = 0;
		};
		47B3D08E1EF036DE00BC443B /* Sources */ = {
			isa = PBXSourcesBuildPhase;
			buildActionMask = 2147483647;
			files = (
				47B3D0971EF036DE00BC443B /* PHFlowLayoutTests.m in Sources */,
			);
			runOnlyForDeploymentPostprocessing = 0;
		};
		47B3D0991EF036DE00BC443B /* Sources */ = {
			isa = PBXSourcesBuildPhase;
			buildActionMask = 2147483647;
			files = (
				47B3D0A21EF036DE00BC443B /* PHFlowLayoutUITests.m in Sources */,
			);
			runOnlyForDeploymentPostprocessing = 0;
		};
/* End PBXSourcesBuildPhase section */

/* Begin PBXTargetDependency section */
		47B3D0941EF036DE00BC443B /* PBXTargetDependency */ = {
			isa = PBXTargetDependency;
			target = 47B3D0781EF036DE00BC443B /* PHFlowLayout */;
			targetProxy = 47B3D0931EF036DE00BC443B /* PBXContainerItemProxy */;
		};
		47B3D09F1EF036DE00BC443B /* PBXTargetDependency */ = {
			isa = PBXTargetDependency;
			target = 47B3D0781EF036DE00BC443B /* PHFlowLayout */;
			targetProxy = 47B3D09E1EF036DE00BC443B /* PBXContainerItemProxy */;
		};
/* End PBXTargetDependency section */

/* Begin PBXVariantGroup section */
		47B3D0851EF036DE00BC443B /* Main.storyboard */ = {
			isa = PBXVariantGroup;
			children = (
				47B3D0861EF036DE00BC443B /* Base */,
			);
			name = Main.storyboard;
			sourceTree = "<group>";
		};
		47B3D08A1EF036DE00BC443B /* LaunchScreen.storyboard */ = {
			isa = PBXVariantGroup;
			children = (
				47B3D08B1EF036DE00BC443B /* Base */,
			);
			name = LaunchScreen.storyboard;
			sourceTree = "<group>";
		};
/* End PBXVariantGroup section */

/* Begin XCBuildConfiguration section */
		47B3D0A41EF036DE00BC443B /* Debug */ = {
			isa = XCBuildConfiguration;
			buildSettings = {
				ALWAYS_SEARCH_USER_PATHS = NO;
				CLANG_ANALYZER_NONNULL = YES;
				CLANG_ANALYZER_NUMBER_OBJECT_CONVERSION = YES_AGGRESSIVE;
				CLANG_CXX_LANGUAGE_STANDARD = "gnu++0x";
				CLANG_CXX_LIBRARY = "libc++";
				CLANG_ENABLE_MODULES = YES;
				CLANG_ENABLE_OBJC_ARC = YES;
				CLANG_WARN_BOOL_CONVERSION = YES;
				CLANG_WARN_CONSTANT_CONVERSION = YES;
				CLANG_WARN_DIRECT_OBJC_ISA_USAGE = YES_ERROR;
				CLANG_WARN_DOCUMENTATION_COMMENTS = YES;
				CLANG_WARN_EMPTY_BODY = YES;
				CLANG_WARN_ENUM_CONVERSION = YES;
				CLANG_WARN_INFINITE_RECURSION = YES;
				CLANG_WARN_INT_CONVERSION = YES;
				CLANG_WARN_OBJC_ROOT_CLASS = YES_ERROR;
				CLANG_WARN_SUSPICIOUS_MOVE = YES;
				CLANG_WARN_UNREACHABLE_CODE = YES;
				CLANG_WARN__DUPLICATE_METHOD_MATCH = YES;
				"CODE_SIGN_IDENTITY[sdk=iphoneos*]" = "iPhone Developer";
				COPY_PHASE_STRIP = NO;
				DEBUG_INFORMATION_FORMAT = dwarf;
				ENABLE_STRICT_OBJC_MSGSEND = YES;
				ENABLE_TESTABILITY = YES;
				GCC_C_LANGUAGE_STANDARD = gnu99;
				GCC_DYNAMIC_NO_PIC = NO;
				GCC_NO_COMMON_BLOCKS = YES;
				GCC_OPTIMIZATION_LEVEL = 0;
				GCC_PREPROCESSOR_DEFINITIONS = (
					"DEBUG=1",
					"$(inherited)",
				);
				GCC_WARN_64_TO_32_BIT_CONVERSION = YES;
				GCC_WARN_ABOUT_RETURN_TYPE = YES_ERROR;
				GCC_WARN_UNDECLARED_SELECTOR = YES;
				GCC_WARN_UNINITIALIZED_AUTOS = YES_AGGRESSIVE;
				GCC_WARN_UNUSED_FUNCTION = YES;
				GCC_WARN_UNUSED_VARIABLE = YES;
				IPHONEOS_DEPLOYMENT_TARGET = 10.3;
				MTL_ENABLE_DEBUG_INFO = YES;
				ONLY_ACTIVE_ARCH = YES;
				SDKROOT = iphoneos;
			};
			name = Debug;
		};
		47B3D0A51EF036DE00BC443B /* Release */ = {
			isa = XCBuildConfiguration;
			buildSettings = {
				ALWAYS_SEARCH_USER_PATHS = NO;
				CLANG_ANALYZER_NONNULL = YES;
				CLANG_ANALYZER_NUMBER_OBJECT_CONVERSION = YES_AGGRESSIVE;
				CLANG_CXX_LANGUAGE_STANDARD = "gnu++0x";
				CLANG_CXX_LIBRARY = "libc++";
				CLANG_ENABLE_MODULES = YES;
				CLANG_ENABLE_OBJC_ARC = YES;
				CLANG_WARN_BOOL_CONVERSION = YES;
				CLANG_WARN_CONSTANT_CONVERSION = YES;
				CLANG_WARN_DIRECT_OBJC_ISA_USAGE = YES_ERROR;
				CLANG_WARN_DOCUMENTATION_COMMENTS = YES;
				CLANG_WARN_EMPTY_BODY = YES;
				CLANG_WARN_ENUM_CONVERSION = YES;
				CLANG_WARN_INFINITE_RECURSION = YES;
				CLANG_WARN_INT_CONVERSION = YES;
				CLANG_WARN_OBJC_ROOT_CLASS = YES_ERROR;
				CLANG_WARN_SUSPICIOUS_MOVE = YES;
				CLANG_WARN_UNREACHABLE_CODE = YES;
				CLANG_WARN__DUPLICATE_METHOD_MATCH = YES;
				"CODE_SIGN_IDENTITY[sdk=iphoneos*]" = "iPhone Developer";
				COPY_PHASE_STRIP = NO;
				DEBUG_INFORMATION_FORMAT = "dwarf-with-dsym";
				ENABLE_NS_ASSERTIONS = NO;
				ENABLE_STRICT_OBJC_MSGSEND = YES;
				GCC_C_LANGUAGE_STANDARD = gnu99;
				GCC_NO_COMMON_BLOCKS = YES;
				GCC_WARN_64_TO_32_BIT_CONVERSION = YES;
				GCC_WARN_ABOUT_RETURN_TYPE = YES_ERROR;
				GCC_WARN_UNDECLARED_SELECTOR = YES;
				GCC_WARN_UNINITIALIZED_AUTOS = YES_AGGRESSIVE;
				GCC_WARN_UNUSED_FUNCTION = YES;
				GCC_WARN_UNUSED_VARIABLE = YES;
				IPHONEOS_DEPLOYMENT_TARGET = 10.3;
				MTL_ENABLE_DEBUG_INFO = NO;
				SDKROOT = iphoneos;
				VALIDATE_PRODUCT = YES;
			};
			name = Release;
		};
		47B3D0A71EF036DE00BC443B /* Debug */ = {
			isa = XCBuildConfiguration;
			buildSettings = {
				ASSETCATALOG_COMPILER_APPICON_NAME = AppIcon;
				DEVELOPMENT_TEAM = TPXMNBN2HM;
				INFOPLIST_FILE = PHFlowLayout/Info.plist;
				LD_RUNPATH_SEARCH_PATHS = "$(inherited) @executable_path/Frameworks";
				PRODUCT_BUNDLE_IDENTIFIER = com.lonch.PHFlowLayout;
				PRODUCT_NAME = "$(TARGET_NAME)";
			};
			name = Debug;
		};
		47B3D0A81EF036DE00BC443B /* Release */ = {
			isa = XCBuildConfiguration;
			buildSettings = {
				ASSETCATALOG_COMPILER_APPICON_NAME = AppIcon;
				DEVELOPMENT_TEAM = TPXMNBN2HM;
				INFOPLIST_FILE = PHFlowLayout/Info.plist;
				LD_RUNPATH_SEARCH_PATHS = "$(inherited) @executable_path/Frameworks";
				PRODUCT_BUNDLE_IDENTIFIER = com.lonch.PHFlowLayout;
				PRODUCT_NAME = "$(TARGET_NAME)";
			};
			name = Release;
		};
		47B3D0AA1EF036DE00BC443B /* Debug */ = {
			isa = XCBuildConfiguration;
			buildSettings = {
				BUNDLE_LOADER = "$(TEST_HOST)";
				DEVELOPMENT_TEAM = TPXMNBN2HM;
				INFOPLIST_FILE = PHFlowLayoutTests/Info.plist;
				LD_RUNPATH_SEARCH_PATHS = "$(inherited) @executable_path/Frameworks @loader_path/Frameworks";
				PRODUCT_BUNDLE_IDENTIFIER = com.lonch.PHFlowLayoutTests;
				PRODUCT_NAME = "$(TARGET_NAME)";
				TEST_HOST = "$(BUILT_PRODUCTS_DIR)/PHFlowLayout.app/PHFlowLayout";
			};
			name = Debug;
		};
		47B3D0AB1EF036DE00BC443B /* Release */ = {
			isa = XCBuildConfiguration;
			buildSettings = {
				BUNDLE_LOADER = "$(TEST_HOST)";
				DEVELOPMENT_TEAM = TPXMNBN2HM;
				INFOPLIST_FILE = PHFlowLayoutTests/Info.plist;
				LD_RUNPATH_SEARCH_PATHS = "$(inherited) @executable_path/Frameworks @loader_path/Frameworks";
				PRODUCT_BUNDLE_IDENTIFIER = com.lonch.PHFlowLayoutTests;
				PRODUCT_NAME = "$(TARGET_NAME)";
				TEST_HOST = "$(BUILT_PRODUCTS_DIR)/PHFlowLayout.app/PHFlowLayout";
			};
			name = Release;
		};
		47B3D0AD1EF036DE00BC443B /* Debug */ = {
			isa = XCBuildConfiguration;
			buildSettings = {
				DEVELOPMENT_TEAM = TPXMNBN2HM;
				INFOPLIST_FILE = PHFlowLayoutUITests/Info.plist;
				LD_RUNPATH_SEARCH_PATHS = "$(inherited) @executable_path/Frameworks @loader_path/Frameworks";
				PRODUCT_BUNDLE_IDENTIFIER = com.lonch.PHFlowLayoutUITests;
				PRODUCT_NAME = "$(TARGET_NAME)";
				TEST_TARGET_NAME = PHFlowLayout;
			};
			name = Debug;
		};
		47B3D0AE1EF036DE00BC443B /* Release */ = {
			isa = XCBuildConfiguration;
			buildSettings = {
				DEVELOPMENT_TEAM = TPXMNBN2HM;
				INFOPLIST_FILE = PHFlowLayoutUITests/Info.plist;
				LD_RUNPATH_SEARCH_PATHS = "$(inherited) @executable_path/Frameworks @loader_path/Frameworks";
				PRODUCT_BUNDLE_IDENTIFIER = com.lonch.PHFlowLayoutUITests;
				PRODUCT_NAME = "$(TARGET_NAME)";
				TEST_TARGET_NAME = PHFlowLayout;
			};
			name = Release;
		};
/* End XCBuildConfiguration section */

/* Begin XCConfigurationList section */
		47B3D0741EF036DE00BC443B /* Build configuration list for PBXProject "PHFlowLayout" */ = {
			isa = XCConfigurationList;
			buildConfigurations = (
				47B3D0A41EF036DE00BC443B /* Debug */,
				47B3D0A51EF036DE00BC443B /* Release */,
			);
			defaultConfigurationIsVisible = 0;
			defaultConfigurationName = Release;
		};
		47B3D0A61EF036DE00BC443B /* Build configuration list for PBXNativeTarget "PHFlowLayout" */ = {
			isa = XCConfigurationList;
			buildConfigurations = (
				47B3D0A71EF036DE00BC443B /* Debug */,
				47B3D0A81EF036DE00BC443B /* Release */,
			);
			defaultConfigurationIsVisible = 0;
			defaultConfigurationName = Release;
		};
		47B3D0A91EF036DE00BC443B /* Build configuration list for PBXNativeTarget "PHFlowLayoutTests" */ = {
			isa = XCConfigurationList;
			buildConfigurations = (
				47B3D0AA1EF036DE00BC443B /* Debug */,
				47B3D0AB1EF036DE00BC443B /* Release */,
			);
			defaultConfigurationIsVisible = 0;
			defaultConfigurationName = Release;
		};
		47B3D0AC1EF036DE00BC443B /* Build configuration list for PBXNativeTarget "PHFlowLayoutUITests" */ = {
			isa = XCConfigurationList;
			buildConfigurations = (
				47B3D0AD1EF036DE00BC443B /* Debug */,
				47B3D0AE1EF036DE00BC443B /* Release */,
			);
			defaultConfigurationIsVisible = 0;
			defaultConfigurationName = Release;
		};
/* End XCConfigurationList section */
	};
	rootObject = 47B3D0711EF036DE00BC443B /* Project object */;
}
